// !$*UTF8*$!
{
	archiveVersion = 1;
	classes = {
	};
	objectVersion = 55;
	objects = {

/* Begin PBXBuildFile section */
		D3692A2B288C6586003D416C /* BragBookApp.swift in Sources */ = {isa = PBXBuildFile; fileRef = D3692A2A288C6586003D416C /* BragBookApp.swift */; };
		D3692A2D288C6586003D416C /* SplashView.swift in Sources */ = {isa = PBXBuildFile; fileRef = D3692A2C288C6586003D416C /* SplashView.swift */; };
		D3692A2F288C6588003D416C /* Assets.xcassets in Resources */ = {isa = PBXBuildFile; fileRef = D3692A2E288C6588003D416C /* Assets.xcassets */; };
		D3692A32288C6588003D416C /* Preview Assets.xcassets in Resources */ = {isa = PBXBuildFile; fileRef = D3692A31288C6588003D416C /* Preview Assets.xcassets */; };
		D3692A3C288C6588003D416C /* BragBookTests.swift in Sources */ = {isa = PBXBuildFile; fileRef = D3692A3B288C6588003D416C /* BragBookTests.swift */; };
		D3692A46288C6589003D416C /* BragBookUITests.swift in Sources */ = {isa = PBXBuildFile; fileRef = D3692A45288C6589003D416C /* BragBookUITests.swift */; };
		D3692A48288C6589003D416C /* BragBookUITestsLaunchTests.swift in Sources */ = {isa = PBXBuildFile; fileRef = D3692A47288C6589003D416C /* BragBookUITestsLaunchTests.swift */; };
		D7681443288C99DB0011C80B /* BragUser.swift in Sources */ = {isa = PBXBuildFile; fileRef = D7681442288C99DB0011C80B /* BragUser.swift */; };
		D7804D49288C76920038AC07 /* BragEntry.swift in Sources */ = {isa = PBXBuildFile; fileRef = D7804D48288C76920038AC07 /* BragEntry.swift */; };
		D7804D4B288C79630038AC07 /* EntryCardView.swift in Sources */ = {isa = PBXBuildFile; fileRef = D7804D4A288C79630038AC07 /* EntryCardView.swift */; };
		D7F72ECB288CA883006083D0 /* BragTag.swift in Sources */ = {isa = PBXBuildFile; fileRef = D7F72ECA288CA883006083D0 /* BragTag.swift */; };
		D7F72ECD288CAE27006083D0 /* TagView.swift in Sources */ = {isa = PBXBuildFile; fileRef = D7F72ECC288CAE27006083D0 /* TagView.swift */; };
		D7F72ED0288CD04F006083D0 /* CreateProfileView.swift in Sources */ = {isa = PBXBuildFile; fileRef = D7F72ECF288CD04F006083D0 /* CreateProfileView.swift */; };
		FC2C8BA8288CA83600EB9613 /* NavigationComponent.swift in Sources */ = {isa = PBXBuildFile; fileRef = FC2C8BA7288CA83600EB9613 /* NavigationComponent.swift */; };
		FC7D9FC7288C8899004FC5DC /* HomeScreenView.swift in Sources */ = {isa = PBXBuildFile; fileRef = FC7D9FC6288C8899004FC5DC /* HomeScreenView.swift */; };
/* End PBXBuildFile section */

/* Begin PBXContainerItemProxy section */
		D3692A38288C6588003D416C /* PBXContainerItemProxy */ = {
			isa = PBXContainerItemProxy;
			containerPortal = D3692A1F288C6586003D416C /* Project object */;
			proxyType = 1;
			remoteGlobalIDString = D3692A26288C6586003D416C;
			remoteInfo = BragBook;
		};
		D3692A42288C6589003D416C /* PBXContainerItemProxy */ = {
			isa = PBXContainerItemProxy;
			containerPortal = D3692A1F288C6586003D416C /* Project object */;
			proxyType = 1;
			remoteGlobalIDString = D3692A26288C6586003D416C;
			remoteInfo = BragBook;
		};
/* End PBXContainerItemProxy section */

/* Begin PBXFileReference section */
		D3692A27288C6586003D416C /* BragBook.app */ = {isa = PBXFileReference; explicitFileType = wrapper.application; includeInIndex = 0; path = BragBook.app; sourceTree = BUILT_PRODUCTS_DIR; };
		D3692A2A288C6586003D416C /* BragBookApp.swift */ = {isa = PBXFileReference; lastKnownFileType = sourcecode.swift; path = BragBookApp.swift; sourceTree = "<group>"; };
		D3692A2C288C6586003D416C /* SplashView.swift */ = {isa = PBXFileReference; lastKnownFileType = sourcecode.swift; path = SplashView.swift; sourceTree = "<group>"; };
		D3692A2E288C6588003D416C /* Assets.xcassets */ = {isa = PBXFileReference; lastKnownFileType = folder.assetcatalog; path = Assets.xcassets; sourceTree = "<group>"; };
		D3692A31288C6588003D416C /* Preview Assets.xcassets */ = {isa = PBXFileReference; lastKnownFileType = folder.assetcatalog; path = "Preview Assets.xcassets"; sourceTree = "<group>"; };
		D3692A37288C6588003D416C /* BragBookTests.xctest */ = {isa = PBXFileReference; explicitFileType = wrapper.cfbundle; includeInIndex = 0; path = BragBookTests.xctest; sourceTree = BUILT_PRODUCTS_DIR; };
		D3692A3B288C6588003D416C /* BragBookTests.swift */ = {isa = PBXFileReference; lastKnownFileType = sourcecode.swift; path = BragBookTests.swift; sourceTree = "<group>"; };
		D3692A41288C6589003D416C /* BragBookUITests.xctest */ = {isa = PBXFileReference; explicitFileType = wrapper.cfbundle; includeInIndex = 0; path = BragBookUITests.xctest; sourceTree = BUILT_PRODUCTS_DIR; };
		D3692A45288C6589003D416C /* BragBookUITests.swift */ = {isa = PBXFileReference; lastKnownFileType = sourcecode.swift; path = BragBookUITests.swift; sourceTree = "<group>"; };
		D3692A47288C6589003D416C /* BragBookUITestsLaunchTests.swift */ = {isa = PBXFileReference; lastKnownFileType = sourcecode.swift; path = BragBookUITestsLaunchTests.swift; sourceTree = "<group>"; };
		D7681442288C99DB0011C80B /* BragUser.swift */ = {isa = PBXFileReference; lastKnownFileType = sourcecode.swift; path = BragUser.swift; sourceTree = "<group>"; };
		D7804D48288C76920038AC07 /* BragEntry.swift */ = {isa = PBXFileReference; lastKnownFileType = sourcecode.swift; path = BragEntry.swift; sourceTree = "<group>"; };
		D7804D4A288C79630038AC07 /* EntryCardView.swift */ = {isa = PBXFileReference; lastKnownFileType = sourcecode.swift; path = EntryCardView.swift; sourceTree = "<group>"; };
		D7F72ECA288CA883006083D0 /* BragTag.swift */ = {isa = PBXFileReference; lastKnownFileType = sourcecode.swift; path = BragTag.swift; sourceTree = "<group>"; };
		D7F72ECC288CAE27006083D0 /* TagView.swift */ = {isa = PBXFileReference; lastKnownFileType = sourcecode.swift; path = TagView.swift; sourceTree = "<group>"; };
		D7F72ECF288CD04F006083D0 /* CreateProfileView.swift */ = {isa = PBXFileReference; lastKnownFileType = sourcecode.swift; path = CreateProfileView.swift; sourceTree = "<group>"; };
		FC2C8BA7288CA83600EB9613 /* NavigationComponent.swift */ = {isa = PBXFileReference; lastKnownFileType = sourcecode.swift; path = NavigationComponent.swift; sourceTree = "<group>"; };
		FC7D9FC6288C8899004FC5DC /* HomeScreenView.swift */ = {isa = PBXFileReference; lastKnownFileType = sourcecode.swift; path = HomeScreenView.swift; sourceTree = "<group>"; };
/* End PBXFileReference section */

/* Begin PBXFrameworksBuildPhase section */
		D3692A24288C6586003D416C /* Frameworks */ = {
			isa = PBXFrameworksBuildPhase;
			buildActionMask = 2147483647;
			files = (
			);
			runOnlyForDeploymentPostprocessing = 0;
		};
		D3692A34288C6588003D416C /* Frameworks */ = {
			isa = PBXFrameworksBuildPhase;
			buildActionMask = 2147483647;
			files = (
			);
			runOnlyForDeploymentPostprocessing = 0;
		};
		D3692A3E288C6589003D416C /* Frameworks */ = {
			isa = PBXFrameworksBuildPhase;
			buildActionMask = 2147483647;
			files = (
			);
			runOnlyForDeploymentPostprocessing = 0;
		};
/* End PBXFrameworksBuildPhase section */

/* Begin PBXGroup section */
		D3692A1E288C6586003D416C = {
			isa = PBXGroup;
			children = (
				D3692A29288C6586003D416C /* BragBook */,
				D3692A3A288C6588003D416C /* BragBookTests */,
				D3692A44288C6589003D416C /* BragBookUITests */,
				D3692A28288C6586003D416C /* Products */,
			);
			sourceTree = "<group>";
		};
		D3692A28288C6586003D416C /* Products */ = {
			isa = PBXGroup;
			children = (
				D3692A27288C6586003D416C /* BragBook.app */,
				D3692A37288C6588003D416C /* BragBookTests.xctest */,
				D3692A41288C6589003D416C /* BragBookUITests.xctest */,
			);
			name = Products;
			sourceTree = "<group>";
		};
		D3692A29288C6586003D416C /* BragBook */ = {
			isa = PBXGroup;
			children = (
				D3692A2A288C6586003D416C /* BragBookApp.swift */,
				D3692A2C288C6586003D416C /* SplashView.swift */,
				D7804D4A288C79630038AC07 /* EntryCardView.swift */,
				FC7D9FC6288C8899004FC5DC /* HomeScreenView.swift */,
				FC2C8BA7288CA83600EB9613 /* NavigationComponent.swift */,
				D7F72ECC288CAE27006083D0 /* TagView.swift */,
				D7F72ECF288CD04F006083D0 /* CreateProfileView.swift */,
				D3692A2E288C6588003D416C /* Assets.xcassets */,
				D7804D47288C760C0038AC07 /* Models */,
				D3692A30288C6588003D416C /* Preview Content */,
			);
			path = BragBook;
			sourceTree = "<group>";
		};
		D3692A30288C6588003D416C /* Preview Content */ = {
			isa = PBXGroup;
			children = (
				D3692A31288C6588003D416C /* Preview Assets.xcassets */,
			);
			path = "Preview Content";
			sourceTree = "<group>";
		};
		D3692A3A288C6588003D416C /* BragBookTests */ = {
			isa = PBXGroup;
			children = (
				D3692A3B288C6588003D416C /* BragBookTests.swift */,
			);
			path = BragBookTests;
			sourceTree = "<group>";
		};
		D3692A44288C6589003D416C /* BragBookUITests */ = {
			isa = PBXGroup;
			children = (
				D3692A45288C6589003D416C /* BragBookUITests.swift */,
				D3692A47288C6589003D416C /* BragBookUITestsLaunchTests.swift */,
			);
			path = BragBookUITests;
			sourceTree = "<group>";
		};
		D7804D47288C760C0038AC07 /* Models */ = {
			isa = PBXGroup;
			children = (
				D7804D48288C76920038AC07 /* BragEntry.swift */,
				D7681442288C99DB0011C80B /* BragUser.swift */,
				D7F72ECA288CA883006083D0 /* BragTag.swift */,
			);
			path = Models;
			sourceTree = "<group>";
		};
/* End PBXGroup section */

/* Begin PBXNativeTarget section */
		D3692A26288C6586003D416C /* BragBook */ = {
			isa = PBXNativeTarget;
			buildConfigurationList = D3692A4B288C6589003D416C /* Build configuration list for PBXNativeTarget "BragBook" */;
			buildPhases = (
				D3692A23288C6586003D416C /* Sources */,
				D3692A24288C6586003D416C /* Frameworks */,
				D3692A25288C6586003D416C /* Resources */,
			);
			buildRules = (
			);
			dependencies = (
			);
			name = BragBook;
			packageProductDependencies = (
			);
			productName = BragBook;
			productReference = D3692A27288C6586003D416C /* BragBook.app */;
			productType = "com.apple.product-type.application";
		};
		D3692A36288C6588003D416C /* BragBookTests */ = {
			isa = PBXNativeTarget;
			buildConfigurationList = D3692A4E288C6589003D416C /* Build configuration list for PBXNativeTarget "BragBookTests" */;
			buildPhases = (
				D3692A33288C6588003D416C /* Sources */,
				D3692A34288C6588003D416C /* Frameworks */,
				D3692A35288C6588003D416C /* Resources */,
			);
			buildRules = (
			);
			dependencies = (
				D3692A39288C6588003D416C /* PBXTargetDependency */,
			);
			name = BragBookTests;
			productName = BragBookTests;
			productReference = D3692A37288C6588003D416C /* BragBookTests.xctest */;
			productType = "com.apple.product-type.bundle.unit-test";
		};
		D3692A40288C6589003D416C /* BragBookUITests */ = {
			isa = PBXNativeTarget;
			buildConfigurationList = D3692A51288C6589003D416C /* Build configuration list for PBXNativeTarget "BragBookUITests" */;
			buildPhases = (
				D3692A3D288C6589003D416C /* Sources */,
				D3692A3E288C6589003D416C /* Frameworks */,
				D3692A3F288C6589003D416C /* Resources */,
			);
			buildRules = (
			);
			dependencies = (
				D3692A43288C6589003D416C /* PBXTargetDependency */,
			);
			name = BragBookUITests;
			productName = BragBookUITests;
			productReference = D3692A41288C6589003D416C /* BragBookUITests.xctest */;
			productType = "com.apple.product-type.bundle.ui-testing";
		};
/* End PBXNativeTarget section */

/* Begin PBXProject section */
		D3692A1F288C6586003D416C /* Project object */ = {
			isa = PBXProject;
			attributes = {
				BuildIndependentTargetsInParallel = 1;
				LastSwiftUpdateCheck = 1330;
				LastUpgradeCheck = 1330;
				TargetAttributes = {
					D3692A26288C6586003D416C = {
						CreatedOnToolsVersion = 13.3;
					};
					D3692A36288C6588003D416C = {
						CreatedOnToolsVersion = 13.3;
						TestTargetID = D3692A26288C6586003D416C;
					};
					D3692A40288C6589003D416C = {
						CreatedOnToolsVersion = 13.3;
						TestTargetID = D3692A26288C6586003D416C;
					};
				};
			};
			buildConfigurationList = D3692A22288C6586003D416C /* Build configuration list for PBXProject "BragBook" */;
			compatibilityVersion = "Xcode 13.0";
			developmentRegion = en;
			hasScannedForEncodings = 0;
			knownRegions = (
				en,
				Base,
			);
			mainGroup = D3692A1E288C6586003D416C;
			packageReferences = (
			);
			productRefGroup = D3692A28288C6586003D416C /* Products */;
			projectDirPath = "";
			projectRoot = "";
			targets = (
				D3692A26288C6586003D416C /* BragBook */,
				D3692A36288C6588003D416C /* BragBookTests */,
				D3692A40288C6589003D416C /* BragBookUITests */,
			);
		};
/* End PBXProject section */

/* Begin PBXResourcesBuildPhase section */
		D3692A25288C6586003D416C /* Resources */ = {
			isa = PBXResourcesBuildPhase;
			buildActionMask = 2147483647;
			files = (
				D3692A32288C6588003D416C /* Preview Assets.xcassets in Resources */,
				D3692A2F288C6588003D416C /* Assets.xcassets in Resources */,
			);
			runOnlyForDeploymentPostprocessing = 0;
		};
		D3692A35288C6588003D416C /* Resources */ = {
			isa = PBXResourcesBuildPhase;
			buildActionMask = 2147483647;
			files = (
			);
			runOnlyForDeploymentPostprocessing = 0;
		};
		D3692A3F288C6589003D416C /* Resources */ = {
			isa = PBXResourcesBuildPhase;
			buildActionMask = 2147483647;
			files = (
			);
			runOnlyForDeploymentPostprocessing = 0;
		};
/* End PBXResourcesBuildPhase section */

/* Begin PBXSourcesBuildPhase section */
		D3692A23288C6586003D416C /* Sources */ = {
			isa = PBXSourcesBuildPhase;
			buildActionMask = 2147483647;
			files = (
				D3692A2D288C6586003D416C /* SplashView.swift in Sources */,
				D7804D4B288C79630038AC07 /* EntryCardView.swift in Sources */,
				D7681443288C99DB0011C80B /* BragUser.swift in Sources */,
				D7F72ECB288CA883006083D0 /* BragTag.swift in Sources */,
				D7F72ED0288CD04F006083D0 /* CreateProfileView.swift in Sources */,
				D7804D49288C76920038AC07 /* BragEntry.swift in Sources */,
				FC2C8BA8288CA83600EB9613 /* NavigationComponent.swift in Sources */,
				D3692A2B288C6586003D416C /* BragBookApp.swift in Sources */,
				FC7D9FC7288C8899004FC5DC /* HomeScreenView.swift in Sources */,
				D7F72ECD288CAE27006083D0 /* TagView.swift in Sources */,
			);
			runOnlyForDeploymentPostprocessing = 0;
		};
		D3692A33288C6588003D416C /* Sources */ = {
			isa = PBXSourcesBuildPhase;
			buildActionMask = 2147483647;
			files = (
				D3692A3C288C6588003D416C /* BragBookTests.swift in Sources */,
			);
			runOnlyForDeploymentPostprocessing = 0;
		};
		D3692A3D288C6589003D416C /* Sources */ = {
			isa = PBXSourcesBuildPhase;
			buildActionMask = 2147483647;
			files = (
				D3692A48288C6589003D416C /* BragBookUITestsLaunchTests.swift in Sources */,
				D3692A46288C6589003D416C /* BragBookUITests.swift in Sources */,
			);
			runOnlyForDeploymentPostprocessing = 0;
		};
/* End PBXSourcesBuildPhase section */

/* Begin PBXTargetDependency section */
		D3692A39288C6588003D416C /* PBXTargetDependency */ = {
			isa = PBXTargetDependency;
			target = D3692A26288C6586003D416C /* BragBook */;
			targetProxy = D3692A38288C6588003D416C /* PBXContainerItemProxy */;
		};
		D3692A43288C6589003D416C /* PBXTargetDependency */ = {
			isa = PBXTargetDependency;
			target = D3692A26288C6586003D416C /* BragBook */;
			targetProxy = D3692A42288C6589003D416C /* PBXContainerItemProxy */;
		};
/* End PBXTargetDependency section */

/* Begin XCBuildConfiguration section */
		D3692A49288C6589003D416C /* Debug */ = {
			isa = XCBuildConfiguration;
			buildSettings = {
				ALWAYS_SEARCH_USER_PATHS = NO;
				CLANG_ANALYZER_NONNULL = YES;
				CLANG_ANALYZER_NUMBER_OBJECT_CONVERSION = YES_AGGRESSIVE;
				CLANG_CXX_LANGUAGE_STANDARD = "gnu++17";
				CLANG_ENABLE_MODULES = YES;
				CLANG_ENABLE_OBJC_ARC = YES;
				CLANG_ENABLE_OBJC_WEAK = YES;
				CLANG_WARN_BLOCK_CAPTURE_AUTORELEASING = YES;
				CLANG_WARN_BOOL_CONVERSION = YES;
				CLANG_WARN_COMMA = YES;
				CLANG_WARN_CONSTANT_CONVERSION = YES;
				CLANG_WARN_DEPRECATED_OBJC_IMPLEMENTATIONS = YES;
				CLANG_WARN_DIRECT_OBJC_ISA_USAGE = YES_ERROR;
				CLANG_WARN_DOCUMENTATION_COMMENTS = YES;
				CLANG_WARN_EMPTY_BODY = YES;
				CLANG_WARN_ENUM_CONVERSION = YES;
				CLANG_WARN_INFINITE_RECURSION = YES;
				CLANG_WARN_INT_CONVERSION = YES;
				CLANG_WARN_NON_LITERAL_NULL_CONVERSION = YES;
				CLANG_WARN_OBJC_IMPLICIT_RETAIN_SELF = YES;
				CLANG_WARN_OBJC_LITERAL_CONVERSION = YES;
				CLANG_WARN_OBJC_ROOT_CLASS = YES_ERROR;
				CLANG_WARN_QUOTED_INCLUDE_IN_FRAMEWORK_HEADER = YES;
				CLANG_WARN_RANGE_LOOP_ANALYSIS = YES;
				CLANG_WARN_STRICT_PROTOTYPES = YES;
				CLANG_WARN_SUSPICIOUS_MOVE = YES;
				CLANG_WARN_UNGUARDED_AVAILABILITY = YES_AGGRESSIVE;
				CLANG_WARN_UNREACHABLE_CODE = YES;
				CLANG_WARN__DUPLICATE_METHOD_MATCH = YES;
				COPY_PHASE_STRIP = NO;
				DEBUG_INFORMATION_FORMAT = dwarf;
				ENABLE_STRICT_OBJC_MSGSEND = YES;
				ENABLE_TESTABILITY = YES;
				GCC_C_LANGUAGE_STANDARD = gnu11;
				GCC_DYNAMIC_NO_PIC = NO;
				GCC_NO_COMMON_BLOCKS = YES;
				GCC_OPTIMIZATION_LEVEL = 0;
				GCC_PREPROCESSOR_DEFINITIONS = (
					"DEBUG=1",
					"$(inherited)",
				);
				GCC_WARN_64_TO_32_BIT_CONVERSION = YES;
				GCC_WARN_ABOUT_RETURN_TYPE = YES_ERROR;
				GCC_WARN_UNDECLARED_SELECTOR = YES;
				GCC_WARN_UNINITIALIZED_AUTOS = YES_AGGRESSIVE;
				GCC_WARN_UNUSED_FUNCTION = YES;
				GCC_WARN_UNUSED_VARIABLE = YES;
				IPHONEOS_DEPLOYMENT_TARGET = 15.4;
				MTL_ENABLE_DEBUG_INFO = INCLUDE_SOURCE;
				MTL_FAST_MATH = YES;
				ONLY_ACTIVE_ARCH = YES;
				SDKROOT = iphoneos;
				SWIFT_ACTIVE_COMPILATION_CONDITIONS = DEBUG;
				SWIFT_OPTIMIZATION_LEVEL = "-Onone";
			};
			name = Debug;
		};
		D3692A4A288C6589003D416C /* Release */ = {
			isa = XCBuildConfiguration;
			buildSettings = {
				ALWAYS_SEARCH_USER_PATHS = NO;
				CLANG_ANALYZER_NONNULL = YES;
				CLANG_ANALYZER_NUMBER_OBJECT_CONVERSION = YES_AGGRESSIVE;
				CLANG_CXX_LANGUAGE_STANDARD = "gnu++17";
				CLANG_ENABLE_MODULES = YES;
				CLANG_ENABLE_OBJC_ARC = YES;
				CLANG_ENABLE_OBJC_WEAK = YES;
				CLANG_WARN_BLOCK_CAPTURE_AUTORELEASING = YES;
				CLANG_WARN_BOOL_CONVERSION = YES;
				CLANG_WARN_COMMA = YES;
				CLANG_WARN_CONSTANT_CONVERSION = YES;
				CLANG_WARN_DEPRECATED_OBJC_IMPLEMENTATIONS = YES;
				CLANG_WARN_DIRECT_OBJC_ISA_USAGE = YES_ERROR;
				CLANG_WARN_DOCUMENTATION_COMMENTS = YES;
				CLANG_WARN_EMPTY_BODY = YES;
				CLANG_WARN_ENUM_CONVERSION = YES;
				CLANG_WARN_INFINITE_RECURSION = YES;
				CLANG_WARN_INT_CONVERSION = YES;
				CLANG_WARN_NON_LITERAL_NULL_CONVERSION = YES;
				CLANG_WARN_OBJC_IMPLICIT_RETAIN_SELF = YES;
				CLANG_WARN_OBJC_LITERAL_CONVERSION = YES;
				CLANG_WARN_OBJC_ROOT_CLASS = YES_ERROR;
				CLANG_WARN_QUOTED_INCLUDE_IN_FRAMEWORK_HEADER = YES;
				CLANG_WARN_RANGE_LOOP_ANALYSIS = YES;
				CLANG_WARN_STRICT_PROTOTYPES = YES;
				CLANG_WARN_SUSPICIOUS_MOVE = YES;
				CLANG_WARN_UNGUARDED_AVAILABILITY = YES_AGGRESSIVE;
				CLANG_WARN_UNREACHABLE_CODE = YES;
				CLANG_WARN__DUPLICATE_METHOD_MATCH = YES;
				COPY_PHASE_STRIP = NO;
				DEBUG_INFORMATION_FORMAT = "dwarf-with-dsym";
				ENABLE_NS_ASSERTIONS = NO;
				ENABLE_STRICT_OBJC_MSGSEND = YES;
				GCC_C_LANGUAGE_STANDARD = gnu11;
				GCC_NO_COMMON_BLOCKS = YES;
				GCC_WARN_64_TO_32_BIT_CONVERSION = YES;
				GCC_WARN_ABOUT_RETURN_TYPE = YES_ERROR;
				GCC_WARN_UNDECLARED_SELECTOR = YES;
				GCC_WARN_UNINITIALIZED_AUTOS = YES_AGGRESSIVE;
				GCC_WARN_UNUSED_FUNCTION = YES;
				GCC_WARN_UNUSED_VARIABLE = YES;
				IPHONEOS_DEPLOYMENT_TARGET = 15.4;
				MTL_ENABLE_DEBUG_INFO = NO;
				MTL_FAST_MATH = YES;
				SDKROOT = iphoneos;
				SWIFT_COMPILATION_MODE = wholemodule;
				SWIFT_OPTIMIZATION_LEVEL = "-O";
				VALIDATE_PRODUCT = YES;
			};
			name = Release;
		};
		D3692A4C288C6589003D416C /* Debug */ = {
			isa = XCBuildConfiguration;
			buildSettings = {
				ASSETCATALOG_COMPILER_APPICON_NAME = AppIcon;
				ASSETCATALOG_COMPILER_GLOBAL_ACCENT_COLOR_NAME = AccentColor;
				CODE_SIGN_STYLE = Automatic;
				CURRENT_PROJECT_VERSION = 1;
				DEVELOPMENT_ASSET_PATHS = "\"BragBook/Preview Content\"";
				DEVELOPMENT_TEAM = 85KAP89CK2;
				ENABLE_PREVIEWS = YES;
				GENERATE_INFOPLIST_FILE = YES;
				INFOPLIST_KEY_UIApplicationSceneManifest_Generation = YES;
				INFOPLIST_KEY_UIApplicationSupportsIndirectInputEvents = YES;
				INFOPLIST_KEY_UILaunchScreen_Generation = YES;
				INFOPLIST_KEY_UISupportedInterfaceOrientations_iPad = "UIInterfaceOrientationPortrait UIInterfaceOrientationPortraitUpsideDown UIInterfaceOrientationLandscapeLeft UIInterfaceOrientationLandscapeRight";
				INFOPLIST_KEY_UISupportedInterfaceOrientations_iPhone = "UIInterfaceOrientationPortrait UIInterfaceOrientationLandscapeLeft UIInterfaceOrientationLandscapeRight";
				LD_RUNPATH_SEARCH_PATHS = (
					"$(inherited)",
					"@executable_path/Frameworks",
				);
				MARKETING_VERSION = 1.0;
				PRODUCT_BUNDLE_IDENTIFIER = com.bonniewhy.BragBook;
				PRODUCT_NAME = "$(TARGET_NAME)";
				SWIFT_EMIT_LOC_STRINGS = YES;
				SWIFT_VERSION = 5.0;
				TARGETED_DEVICE_FAMILY = "1,2";
			};
			name = Debug;
		};
		D3692A4D288C6589003D416C /* Release */ = {
			isa = XCBuildConfiguration;
			buildSettings = {
				ASSETCATALOG_COMPILER_APPICON_NAME = AppIcon;
				ASSETCATALOG_COMPILER_GLOBAL_ACCENT_COLOR_NAME = AccentColor;
				CODE_SIGN_STYLE = Automatic;
				CURRENT_PROJECT_VERSION = 1;
				DEVELOPMENT_ASSET_PATHS = "\"BragBook/Preview Content\"";
				DEVELOPMENT_TEAM = 85KAP89CK2;
				ENABLE_PREVIEWS = YES;
				GENERATE_INFOPLIST_FILE = YES;
				INFOPLIST_KEY_UIApplicationSceneManifest_Generation = YES;
				INFOPLIST_KEY_UIApplicationSupportsIndirectInputEvents = YES;
				INFOPLIST_KEY_UILaunchScreen_Generation = YES;
				INFOPLIST_KEY_UISupportedInterfaceOrientations_iPad = "UIInterfaceOrientationPortrait UIInterfaceOrientationPortraitUpsideDown UIInterfaceOrientationLandscapeLeft UIInterfaceOrientationLandscapeRight";
				INFOPLIST_KEY_UISupportedInterfaceOrientations_iPhone = "UIInterfaceOrientationPortrait UIInterfaceOrientationLandscapeLeft UIInterfaceOrientationLandscapeRight";
				LD_RUNPATH_SEARCH_PATHS = (
					"$(inherited)",
					"@executable_path/Frameworks",
				);
				MARKETING_VERSION = 1.0;
				PRODUCT_BUNDLE_IDENTIFIER = com.bonniewhy.BragBook;
				PRODUCT_NAME = "$(TARGET_NAME)";
				SWIFT_EMIT_LOC_STRINGS = YES;
				SWIFT_VERSION = 5.0;
				TARGETED_DEVICE_FAMILY = "1,2";
			};
			name = Release;
		};
		D3692A4F288C6589003D416C /* Debug */ = {
			isa = XCBuildConfiguration;
			buildSettings = {
				ALWAYS_EMBED_SWIFT_STANDARD_LIBRARIES = YES;
				BUNDLE_LOADER = "$(TEST_HOST)";
				CODE_SIGN_STYLE = Automatic;
				CURRENT_PROJECT_VERSION = 1;
				DEVELOPMENT_TEAM = 85KAP89CK2;
				GENERATE_INFOPLIST_FILE = YES;
				IPHONEOS_DEPLOYMENT_TARGET = 15.4;
				MARKETING_VERSION = 1.0;
				PRODUCT_BUNDLE_IDENTIFIER = com.bonniewhy.BragBookTests;
				PRODUCT_NAME = "$(TARGET_NAME)";
				SWIFT_EMIT_LOC_STRINGS = NO;
				SWIFT_VERSION = 5.0;
				TARGETED_DEVICE_FAMILY = "1,2";
				TEST_HOST = "$(BUILT_PRODUCTS_DIR)/BragBook.app/BragBook";
			};
			name = Debug;
		};
		D3692A50288C6589003D416C /* Release */ = {
			isa = XCBuildConfiguration;
			buildSettings = {
				ALWAYS_EMBED_SWIFT_STANDARD_LIBRARIES = YES;
				BUNDLE_LOADER = "$(TEST_HOST)";
				CODE_SIGN_STYLE = Automatic;
				CURRENT_PROJECT_VERSION = 1;
				DEVELOPMENT_TEAM = 85KAP89CK2;
				GENERATE_INFOPLIST_FILE = YES;
				IPHONEOS_DEPLOYMENT_TARGET = 15.4;
				MARKETING_VERSION = 1.0;
				PRODUCT_BUNDLE_IDENTIFIER = com.bonniewhy.BragBookTests;
				PRODUCT_NAME = "$(TARGET_NAME)";
				SWIFT_EMIT_LOC_STRINGS = NO;
				SWIFT_VERSION = 5.0;
				TARGETED_DEVICE_FAMILY = "1,2";
				TEST_HOST = "$(BUILT_PRODUCTS_DIR)/BragBook.app/BragBook";
			};
			name = Release;
		};
		D3692A52288C6589003D416C /* Debug */ = {
			isa = XCBuildConfiguration;
			buildSettings = {
				ALWAYS_EMBED_SWIFT_STANDARD_LIBRARIES = YES;
				CODE_SIGN_STYLE = Automatic;
				CURRENT_PROJECT_VERSION = 1;
				DEVELOPMENT_TEAM = 85KAP89CK2;
				GENERATE_INFOPLIST_FILE = YES;
				MARKETING_VERSION = 1.0;
				PRODUCT_BUNDLE_IDENTIFIER = com.bonniewhy.BragBookUITests;
				PRODUCT_NAME = "$(TARGET_NAME)";
				SWIFT_EMIT_LOC_STRINGS = NO;
				SWIFT_VERSION = 5.0;
				TARGETED_DEVICE_FAMILY = "1,2";
				TEST_TARGET_NAME = BragBook;
			};
			name = Debug;
		};
		D3692A53288C6589003D416C /* Release */ = {
			isa = XCBuildConfiguration;
			buildSettings = {
				ALWAYS_EMBED_SWIFT_STANDARD_LIBRARIES = YES;
				CODE_SIGN_STYLE = Automatic;
				CURRENT_PROJECT_VERSION = 1;
				DEVELOPMENT_TEAM = 85KAP89CK2;
				GENERATE_INFOPLIST_FILE = YES;
				MARKETING_VERSION = 1.0;
				PRODUCT_BUNDLE_IDENTIFIER = com.bonniewhy.BragBookUITests;
				PRODUCT_NAME = "$(TARGET_NAME)";
				SWIFT_EMIT_LOC_STRINGS = NO;
				SWIFT_VERSION = 5.0;
				TARGETED_DEVICE_FAMILY = "1,2";
				TEST_TARGET_NAME = BragBook;
			};
			name = Release;
		};
/* End XCBuildConfiguration section */

/* Begin XCConfigurationList section */
		D3692A22288C6586003D416C /* Build configuration list for PBXProject "BragBook" */ = {
			isa = XCConfigurationList;
			buildConfigurations = (
				D3692A49288C6589003D416C /* Debug */,
				D3692A4A288C6589003D416C /* Release */,
			);
			defaultConfigurationIsVisible = 0;
			defaultConfigurationName = Release;
		};
		D3692A4B288C6589003D416C /* Build configuration list for PBXNativeTarget "BragBook" */ = {
			isa = XCConfigurationList;
			buildConfigurations = (
				D3692A4C288C6589003D416C /* Debug */,
				D3692A4D288C6589003D416C /* Release */,
			);
			defaultConfigurationIsVisible = 0;
			defaultConfigurationName = Release;
		};
		D3692A4E288C6589003D416C /* Build configuration list for PBXNativeTarget "BragBookTests" */ = {
			isa = XCConfigurationList;
			buildConfigurations = (
				D3692A4F288C6589003D416C /* Debug */,
				D3692A50288C6589003D416C /* Release */,
			);
			defaultConfigurationIsVisible = 0;
			defaultConfigurationName = Release;
		};
		D3692A51288C6589003D416C /* Build configuration list for PBXNativeTarget "BragBookUITests" */ = {
			isa = XCConfigurationList;
			buildConfigurations = (
				D3692A52288C6589003D416C /* Debug */,
				D3692A53288C6589003D416C /* Release */,
			);
			defaultConfigurationIsVisible = 0;
			defaultConfigurationName = Release;
		};
/* End XCConfigurationList section */
	};
	rootObject = D3692A1F288C6586003D416C /* Project object */;
}
